
Microsoft Visual Studio Solution File, Format Version 12.00
# Visual Studio Version 16
VisualStudioVersion = 16.0.29519.87
MinimumVisualStudioVersion = 10.0.40219.1
Project("{FAE04EC0-301F-11D3-BF4B-00C04F79EFBC}") = "Texas Hold'em Poker", "Texas Hold'em Poker\Texas Hold'em Poker.csproj", "{EED41E75-78A1-40E1-AF56-3E2CD7E5164F}"
EndProject
Global
	GlobalSection(SolutionConfigurationPlatforms) = preSolution
		Debug|Any CPU = Debug|Any CPU
		Release|Any CPU = Release|Any CPU
	EndGlobalSection
	GlobalSection(ProjectConfigurationPlatforms) = postSolution
		{EED41E75-78A1-40E1-AF56-3E2CD7E5164F}.Debug|Any CPU.ActiveCfg = Debug|Any CPU
		{EED41E75-78A1-40E1-AF56-3E2CD7E5164F}.Debug|Any CPU.Build.0 = Debug|Any CPU
		{EED41E75-78A1-40E1-AF56-3E2CD7E5164F}.Release|Any CPU.ActiveCfg = Release|Any CPU
		{EED41E75-78A1-40E1-AF56-3E2CD7E5164F}.Release|Any CPU.Build.0 = Release|Any CPU
	EndGlobalSection
	GlobalSection(SolutionProperties) = preSolution
		HideSolutionNode = FALSE
	EndGlobalSection
	GlobalSection(ExtensibilityGlobals) = postSolution
		SolutionGuid = {7559A902-1844-41B6-BC2C-0B8CCC6F6BC5}
	EndGlobalSection
EndGlobal
